# This file was autogenerated by Stack.
# You should not edit this file by hand.
# For more information, please see the documentation at:
#   https://docs.haskellstack.org/en/stable/lock_files

packages:
- completed:
    commit: d2390efc1dcd2d915ef6a7e79cc154f8a7f2d060
    git: https://github.com/Xitian9/table-layout.git
    name: table-layout
    pantry-tree:
      sha256: d0a381b1307f668b1291b40d9eeb787f6ab78ac689c5aada4857cd8d277e22b9
      size: 2625
    version: 0.9.1.0
  original:
    commit: d2390efc1dcd2d915ef6a7e79cc154f8a7f2d060
    git: https://github.com/Xitian9/table-layout.git
snapshots:
- completed:
    sha256: 350737ef1c4c748f4c7ff56b6e74f2f6d15039a2f148662a8ec1aded016b80d0
    size: 640033
    url: https://raw.githubusercontent.com/commercialhaskell/stackage-snapshots/master/lts/21/15.yaml
  original:
    url: https://raw.githubusercontent.com/commercialhaskell/stackage-snapshots/master/lts/21/15.yaml
